{
  "name": "test-npm-publish",
  "version": "1.0.0",
  "lockfileVersion": 3,
  "requires": true,
  "packages": {
    "": {
      "name": "test-npm-publish",
      "version": "1.0.0",
      "license": "ISC",
      "dependencies": {
        "infinite-counter": "^1.0.1",
        "test-npm-publish": "file:"
      }
    },
    "node_modules/infinite-counter": {
      "version": "1.0.1",
      "resolved": "https://registry.npmjs.org/infinite-counter/-/infinite-counter-1.0.1.tgz",
      "integrity": "sha512-8rcEWfCVZPpZf/wwnbUBUFeguTr6QludN6wkL7Ln44FDCvd4pWqSTLwqsicMU7lOsRgTfCYHskbH/BhzXmz2Mg==",
      "dependencies": {
        "infinite-counter": "file:"
      }
    },
    "node_modules/infinite-counter/node_modules/infinite-counter": {
      "resolved": "node_modules/infinite-counter",
      "link": true
    },
    "node_modules/test-npm-publish": {
      "resolved": "",
      "link": true
    }
  }
}
